// !$*UTF8*$!
{
	archiveVersion = 1;
	classes = {
	};
	objectVersion = 46;
	objects = {

/* Begin PBXBuildFile section */
		7F2A2FC03CD14542A57444C1 /* libPods.a in Frameworks */ = {isa = PBXBuildFile; fileRef = 555CA1F52402431A82186443 /* libPods.a */; };
		81001BF91882056A00521FCE /* InfoPlist.strings in Resources */ = {isa = PBXBuildFile; fileRef = 81001BF71882056A00521FCE /* InfoPlist.strings */; };
		81001BFC1882058600521FCE /* Main_iPhone.storyboard in Resources */ = {isa = PBXBuildFile; fileRef = 81001BFA1882058600521FCE /* Main_iPhone.storyboard */; };
		817F727C1881DD0B0005BEDD /* MapKit.framework in Frameworks */ = {isa = PBXBuildFile; fileRef = 817F727B1881DD0B0005BEDD /* MapKit.framework */; };
		817F7281188204530005BEDD /* DemoCrumbAppMainViewController.m in Sources */ = {isa = PBXBuildFile; fileRef = 817F727D188204530005BEDD /* DemoCrumbAppMainViewController.m */; };
		817F7282188204530005BEDD /* DemoCrumbAppLaunchViewController.m in Sources */ = {isa = PBXBuildFile; fileRef = 817F727F188204530005BEDD /* DemoCrumbAppLaunchViewController.m */; };
		817F72851882047E0005BEDD /* DemoCrumbAppMainViewControllerMainView.m in Sources */ = {isa = PBXBuildFile; fileRef = 817F72831882047E0005BEDD /* DemoCrumbAppMainViewControllerMainView.m */; };
		817F728A188204990005BEDD /* DemoCrumbAppYelpRecommendation.m in Sources */ = {isa = PBXBuildFile; fileRef = 817F7286188204990005BEDD /* DemoCrumbAppYelpRecommendation.m */; };
		817F728B188204990005BEDD /* DemoCrumbAppRandomYelpRecommender.m in Sources */ = {isa = PBXBuildFile; fileRef = 817F7288188204990005BEDD /* DemoCrumbAppRandomYelpRecommender.m */; };
		817F728D188204A90005BEDD /* Images.xcassets in Resources */ = {isa = PBXBuildFile; fileRef = 817F728C188204A90005BEDD /* Images.xcassets */; };
		817F7293188204CE0005BEDD /* DemoCrumbAppAppDelegate.m in Sources */ = {isa = PBXBuildFile; fileRef = 817F7291188204CE0005BEDD /* DemoCrumbAppAppDelegate.m */; };
		817F729B188204FE0005BEDD /* three-dish.png in Resources */ = {isa = PBXBuildFile; fileRef = 817F7294188204FE0005BEDD /* three-dish.png */; };
		817F729C188204FE0005BEDD /* table-launch-568.png in Resources */ = {isa = PBXBuildFile; fileRef = 817F7295188204FE0005BEDD /* table-launch-568.png */; };
		817F729D188204FE0005BEDD /* table-launch-480.png in Resources */ = {isa = PBXBuildFile; fileRef = 817F7296188204FE0005BEDD /* table-launch-480.png */; };
		817F729E188204FE0005BEDD /* table-568.png in Resources */ = {isa = PBXBuildFile; fileRef = 817F7297188204FE0005BEDD /* table-568.png */; };
		817F729F188204FE0005BEDD /* table-480.png in Resources */ = {isa = PBXBuildFile; fileRef = 817F7298188204FE0005BEDD /* table-480.png */; };
		817F72A0188204FE0005BEDD /* plate-long.png in Resources */ = {isa = PBXBuildFile; fileRef = 817F7299188204FE0005BEDD /* plate-long.png */; };
		817F72A1188204FE0005BEDD /* napkin.png in Resources */ = {isa = PBXBuildFile; fileRef = 817F729A188204FE0005BEDD /* napkin.png */; };
		817F72AD1882050D0005BEDD /* image_not_available.png in Resources */ = {isa = PBXBuildFile; fileRef = 817F72A21882050D0005BEDD /* image_not_available.png */; };
		817F72AE1882050D0005BEDD /* image_not_available_small.png in Resources */ = {isa = PBXBuildFile; fileRef = 817F72A31882050D0005BEDD /* image_not_available_small.png */; };
		817F72AF1882050D0005BEDD /* icon.png in Resources */ = {isa = PBXBuildFile; fileRef = 817F72A41882050D0005BEDD /* icon.png */; };
		817F72B01882050D0005BEDD /* icon-launch.png in Resources */ = {isa = PBXBuildFile; fileRef = 817F72A51882050D0005BEDD /* icon-launch.png */; };
		817F72B11882050D0005BEDD /* icon-60.png in Resources */ = {isa = PBXBuildFile; fileRef = 817F72A61882050D0005BEDD /* icon-60.png */; };
		817F72B21882050D0005BEDD /* icon-40.png in Resources */ = {isa = PBXBuildFile; fileRef = 817F72A71882050D0005BEDD /* icon-40.png */; };
		817F72B31882050D0005BEDD /* icon-29.png in Resources */ = {isa = PBXBuildFile; fileRef = 817F72A81882050D0005BEDD /* icon-29.png */; };
		817F72B41882050D0005BEDD /* fork.png in Resources */ = {isa = PBXBuildFile; fileRef = 817F72A91882050D0005BEDD /* fork.png */; };
		817F72B51882050D0005BEDD /* chopstick-under.png in Resources */ = {isa = PBXBuildFile; fileRef = 817F72AA1882050D0005BEDD /* chopstick-under.png */; };
		817F72B61882050D0005BEDD /* chopstick-over.png in Resources */ = {isa = PBXBuildFile; fileRef = 817F72AB1882050D0005BEDD /* chopstick-over.png */; };
		817F72B71882050D0005BEDD /* cancel-button.png in Resources */ = {isa = PBXBuildFile; fileRef = 817F72AC1882050D0005BEDD /* cancel-button.png */; };
		817F72B9188205260005BEDD /* main.m in Sources */ = {isa = PBXBuildFile; fileRef = 817F72B8188205260005BEDD /* main.m */; };
		81A1E9121866DE4F00ACCE4A /* AudioToolbox.framework in Frameworks */ = {isa = PBXBuildFile; fileRef = 81A1E9111866DE4F00ACCE4A /* AudioToolbox.framework */; };
		81A5B9FD186796C100C36B4E /* QuartzCore.framework in Frameworks */ = {isa = PBXBuildFile; fileRef = 81A5B9FC186796C100C36B4E /* QuartzCore.framework */; };
		81B9CF211860FD7D00F9646C /* Foundation.framework in Frameworks */ = {isa = PBXBuildFile; fileRef = 81B9CF201860FD7D00F9646C /* Foundation.framework */; };
		81B9CF231860FD7D00F9646C /* CoreGraphics.framework in Frameworks */ = {isa = PBXBuildFile; fileRef = 81B9CF221860FD7D00F9646C /* CoreGraphics.framework */; };
		81B9CF251860FD7D00F9646C /* UIKit.framework in Frameworks */ = {isa = PBXBuildFile; fileRef = 81B9CF241860FD7D00F9646C /* UIKit.framework */; };
		81B9CF431860FD7D00F9646C /* XCTest.framework in Frameworks */ = {isa = PBXBuildFile; fileRef = 81B9CF421860FD7D00F9646C /* XCTest.framework */; };
		81B9CF441860FD7D00F9646C /* Foundation.framework in Frameworks */ = {isa = PBXBuildFile; fileRef = 81B9CF201860FD7D00F9646C /* Foundation.framework */; };
		81B9CF451860FD7D00F9646C /* UIKit.framework in Frameworks */ = {isa = PBXBuildFile; fileRef = 81B9CF241860FD7D00F9646C /* UIKit.framework */; };
		81B9CF4D1860FD7D00F9646C /* InfoPlist.strings in Resources */ = {isa = PBXBuildFile; fileRef = 81B9CF4B1860FD7D00F9646C /* InfoPlist.strings */; };
		81B9CF4F1860FD7D00F9646C /* DemoIOSAppUsingCrumbTests.m in Sources */ = {isa = PBXBuildFile; fileRef = 81B9CF4E1860FD7D00F9646C /* DemoIOSAppUsingCrumbTests.m */; };
		81B9CF591860FDE300F9646C /* CoreLocation.framework in Frameworks */ = {isa = PBXBuildFile; fileRef = 81B9CF581860FDE300F9646C /* CoreLocation.framework */; };
		81D7738A1892095800B7219D /* DemoCrumbAppLogger.m in Sources */ = {isa = PBXBuildFile; fileRef = 81D773891892095800B7219D /* DemoCrumbAppLogger.m */; };
/* End PBXBuildFile section */

/* Begin PBXContainerItemProxy section */
		81B9CF461860FD7D00F9646C /* PBXContainerItemProxy */ = {
			isa = PBXContainerItemProxy;
			containerPortal = 81B9CF151860FD7C00F9646C /* Project object */;
			proxyType = 1;
			remoteGlobalIDString = 81B9CF1C1860FD7D00F9646C;
			remoteInfo = SampleIOSAppUsingPlanB;
		};
/* End PBXContainerItemProxy section */

/* Begin PBXFileReference section */
		2157BFFC39B24F88819A45DA /* Pods.xcconfig */ = {isa = PBXFileReference; includeInIndex = 1; lastKnownFileType = text.xcconfig; name = Pods.xcconfig; path = Pods/Pods.xcconfig; sourceTree = "<group>"; };
		555CA1F52402431A82186443 /* libPods.a */ = {isa = PBXFileReference; explicitFileType = archive.ar; includeInIndex = 0; path = libPods.a; sourceTree = BUILT_PRODUCTS_DIR; };
		81001BF81882056A00521FCE /* en */ = {isa = PBXFileReference; lastKnownFileType = text.plist.strings; name = en; path = DemoIOSAppUsingCrumb/en.lproj/InfoPlist.strings; sourceTree = SOURCE_ROOT; };
		81001BFB1882058600521FCE /* Base */ = {isa = PBXFileReference; lastKnownFileType = file.storyboard; name = Base; path = DemoIOSAppUsingCrumb/Base.lproj/Main_iPhone.storyboard; sourceTree = SOURCE_ROOT; };
		817F727B1881DD0B0005BEDD /* MapKit.framework */ = {isa = PBXFileReference; lastKnownFileType = wrapper.framework; name = MapKit.framework; path = System/Library/Frameworks/MapKit.framework; sourceTree = SDKROOT; };
		817F727D188204530005BEDD /* DemoCrumbAppMainViewController.m */ = {isa = PBXFileReference; fileEncoding = 4; lastKnownFileType = sourcecode.c.objc; name = DemoCrumbAppMainViewController.m; path = DemoIOSAppUsingCrumb/DemoCrumbAppMainViewController.m; sourceTree = SOURCE_ROOT; };
		817F727E188204530005BEDD /* DemoCrumbAppMainViewController.h */ = {isa = PBXFileReference; fileEncoding = 4; lastKnownFileType = sourcecode.c.h; name = DemoCrumbAppMainViewController.h; path = DemoIOSAppUsingCrumb/DemoCrumbAppMainViewController.h; sourceTree = SOURCE_ROOT; };
		817F727F188204530005BEDD /* DemoCrumbAppLaunchViewController.m */ = {isa = PBXFileReference; fileEncoding = 4; lastKnownFileType = sourcecode.c.objc; name = DemoCrumbAppLaunchViewController.m; path = DemoIOSAppUsingCrumb/DemoCrumbAppLaunchViewController.m; sourceTree = SOURCE_ROOT; };
		817F7280188204530005BEDD /* DemoCrumbAppLaunchViewController.h */ = {isa = PBXFileReference; fileEncoding = 4; lastKnownFileType = sourcecode.c.h; name = DemoCrumbAppLaunchViewController.h; path = DemoIOSAppUsingCrumb/DemoCrumbAppLaunchViewController.h; sourceTree = SOURCE_ROOT; };
		817F72831882047E0005BEDD /* DemoCrumbAppMainViewControllerMainView.m */ = {isa = PBXFileReference; fileEncoding = 4; lastKnownFileType = sourcecode.c.objc; name = DemoCrumbAppMainViewControllerMainView.m; path = DemoIOSAppUsingCrumb/DemoCrumbAppMainViewControllerMainView.m; sourceTree = SOURCE_ROOT; };
		817F72841882047E0005BEDD /* DemoCrumbAppMainViewControllerMainView.h */ = {isa = PBXFileReference; fileEncoding = 4; lastKnownFileType = sourcecode.c.h; name = DemoCrumbAppMainViewControllerMainView.h; path = DemoIOSAppUsingCrumb/DemoCrumbAppMainViewControllerMainView.h; sourceTree = SOURCE_ROOT; };
		817F7286188204990005BEDD /* DemoCrumbAppYelpRecommendation.m */ = {isa = PBXFileReference; fileEncoding = 4; lastKnownFileType = sourcecode.c.objc; name = DemoCrumbAppYelpRecommendation.m; path = DemoIOSAppUsingCrumb/DemoCrumbAppYelpRecommendation.m; sourceTree = SOURCE_ROOT; };
		817F7287188204990005BEDD /* DemoCrumbAppYelpRecommendation.h */ = {isa = PBXFileReference; fileEncoding = 4; lastKnownFileType = sourcecode.c.h; name = DemoCrumbAppYelpRecommendation.h; path = DemoIOSAppUsingCrumb/DemoCrumbAppYelpRecommendation.h; sourceTree = SOURCE_ROOT; };
		817F7288188204990005BEDD /* DemoCrumbAppRandomYelpRecommender.m */ = {isa = PBXFileReference; fileEncoding = 4; lastKnownFileType = sourcecode.c.objc; name = DemoCrumbAppRandomYelpRecommender.m; path = DemoIOSAppUsingCrumb/DemoCrumbAppRandomYelpRecommender.m; sourceTree = SOURCE_ROOT; };
		817F7289188204990005BEDD /* DemoCrumbAppRandomYelpRecommender.h */ = {isa = PBXFileReference; fileEncoding = 4; lastKnownFileType = sourcecode.c.h; name = DemoCrumbAppRandomYelpRecommender.h; path = DemoIOSAppUsingCrumb/DemoCrumbAppRandomYelpRecommender.h; sourceTree = SOURCE_ROOT; };
		817F728C188204A90005BEDD /* Images.xcassets */ = {isa = PBXFileReference; lastKnownFileType = folder.assetcatalog; name = Images.xcassets; path = DemoIOSAppUsingCrumb/Images.xcassets; sourceTree = SOURCE_ROOT; };
		817F728E188204BF0005BEDD /* DemoIOSAppUsingCrumb-Prefix.pch */ = {isa = PBXFileReference; fileEncoding = 4; lastKnownFileType = sourcecode.c.h; name = "DemoIOSAppUsingCrumb-Prefix.pch"; path = "DemoIOSAppUsingCrumb/DemoIOSAppUsingCrumb-Prefix.pch"; sourceTree = SOURCE_ROOT; };
		817F728F188204BF0005BEDD /* DemoIOSAppUsingCrumb-Info.plist */ = {isa = PBXFileReference; fileEncoding = 4; lastKnownFileType = text.plist.xml; name = "DemoIOSAppUsingCrumb-Info.plist"; path = "DemoIOSAppUsingCrumb/DemoIOSAppUsingCrumb-Info.plist"; sourceTree = SOURCE_ROOT; };
		817F7291188204CE0005BEDD /* DemoCrumbAppAppDelegate.m */ = {isa = PBXFileReference; fileEncoding = 4; lastKnownFileType = sourcecode.c.objc; name = DemoCrumbAppAppDelegate.m; path = DemoIOSAppUsingCrumb/DemoCrumbAppAppDelegate.m; sourceTree = SOURCE_ROOT; };
		817F7292188204CE0005BEDD /* DemoCrumbAppAppDelegate.h */ = {isa = PBXFileReference; fileEncoding = 4; lastKnownFileType = sourcecode.c.h; name = DemoCrumbAppAppDelegate.h; path = DemoIOSAppUsingCrumb/DemoCrumbAppAppDelegate.h; sourceTree = SOURCE_ROOT; };
		817F7294188204FE0005BEDD /* three-dish.png */ = {isa = PBXFileReference; lastKnownFileType = image.png; name = "three-dish.png"; path = "DemoIOSAppUsingCrumb/Images.xcassets/three-dish.png"; sourceTree = SOURCE_ROOT; };
		817F7295188204FE0005BEDD /* table-launch-568.png */ = {isa = PBXFileReference; lastKnownFileType = image.png; name = "table-launch-568.png"; path = "DemoIOSAppUsingCrumb/Images.xcassets/table-launch-568.png"; sourceTree = SOURCE_ROOT; };
		817F7296188204FE0005BEDD /* table-launch-480.png */ = {isa = PBXFileReference; lastKnownFileType = image.png; name = "table-launch-480.png"; path = "DemoIOSAppUsingCrumb/Images.xcassets/table-launch-480.png"; sourceTree = SOURCE_ROOT; };
		817F7297188204FE0005BEDD /* table-568.png */ = {isa = PBXFileReference; lastKnownFileType = image.png; name = "table-568.png"; path = "DemoIOSAppUsingCrumb/Images.xcassets/table-568.png"; sourceTree = SOURCE_ROOT; };
		817F7298188204FE0005BEDD /* table-480.png */ = {isa = PBXFileReference; lastKnownFileType = image.png; name = "table-480.png"; path = "DemoIOSAppUsingCrumb/Images.xcassets/table-480.png"; sourceTree = SOURCE_ROOT; };
		817F7299188204FE0005BEDD /* plate-long.png */ = {isa = PBXFileReference; lastKnownFileType = image.png; name = "plate-long.png"; path = "DemoIOSAppUsingCrumb/Images.xcassets/plate-long.png"; sourceTree = SOURCE_ROOT; };
		817F729A188204FE0005BEDD /* napkin.png */ = {isa = PBXFileReference; lastKnownFileType = image.png; name = napkin.png; path = DemoIOSAppUsingCrumb/Images.xcassets/napkin.png; sourceTree = SOURCE_ROOT; };
		817F72A21882050D0005BEDD /* image_not_available.png */ = {isa = PBXFileReference; lastKnownFileType = image.png; name = image_not_available.png; path = DemoIOSAppUsingCrumb/Images.xcassets/image_not_available.png; sourceTree = SOURCE_ROOT; };
		817F72A31882050D0005BEDD /* image_not_available_small.png */ = {isa = PBXFileReference; lastKnownFileType = image.png; name = image_not_available_small.png; path = DemoIOSAppUsingCrumb/Images.xcassets/image_not_available_small.png; sourceTree = SOURCE_ROOT; };
		817F72A41882050D0005BEDD /* icon.png */ = {isa = PBXFileReference; lastKnownFileType = image.png; name = icon.png; path = DemoIOSAppUsingCrumb/Images.xcassets/icon.png; sourceTree = SOURCE_ROOT; };
		817F72A51882050D0005BEDD /* icon-launch.png */ = {isa = PBXFileReference; lastKnownFileType = image.png; name = "icon-launch.png"; path = "DemoIOSAppUsingCrumb/Images.xcassets/icon-launch.png"; sourceTree = SOURCE_ROOT; };
		817F72A61882050D0005BEDD /* icon-60.png */ = {isa = PBXFileReference; lastKnownFileType = image.png; name = "icon-60.png"; path = "DemoIOSAppUsingCrumb/Images.xcassets/icon-60.png"; sourceTree = SOURCE_ROOT; };
		817F72A71882050D0005BEDD /* icon-40.png */ = {isa = PBXFileReference; lastKnownFileType = image.png; name = "icon-40.png"; path = "DemoIOSAppUsingCrumb/Images.xcassets/icon-40.png"; sourceTree = SOURCE_ROOT; };
		817F72A81882050D0005BEDD /* icon-29.png */ = {isa = PBXFileReference; lastKnownFileType = image.png; name = "icon-29.png"; path = "DemoIOSAppUsingCrumb/Images.xcassets/icon-29.png"; sourceTree = SOURCE_ROOT; };
		817F72A91882050D0005BEDD /* fork.png */ = {isa = PBXFileReference; lastKnownFileType = image.png; name = fork.png; path = DemoIOSAppUsingCrumb/Images.xcassets/fork.png; sourceTree = SOURCE_ROOT; };
		817F72AA1882050D0005BEDD /* chopstick-under.png */ = {isa = PBXFileReference; lastKnownFileType = image.png; name = "chopstick-under.png"; path = "DemoIOSAppUsingCrumb/Images.xcassets/chopstick-under.png"; sourceTree = SOURCE_ROOT; };
		817F72AB1882050D0005BEDD /* chopstick-over.png */ = {isa = PBXFileReference; lastKnownFileType = image.png; name = "chopstick-over.png"; path = "DemoIOSAppUsingCrumb/Images.xcassets/chopstick-over.png"; sourceTree = SOURCE_ROOT; };
		817F72AC1882050D0005BEDD /* cancel-button.png */ = {isa = PBXFileReference; lastKnownFileType = image.png; name = "cancel-button.png"; path = "DemoIOSAppUsingCrumb/Images.xcassets/cancel-button.png"; sourceTree = SOURCE_ROOT; };
		817F72B8188205260005BEDD /* main.m */ = {isa = PBXFileReference; fileEncoding = 4; lastKnownFileType = sourcecode.c.objc; name = main.m; path = DemoIOSAppUsingCrumb/main.m; sourceTree = SOURCE_ROOT; };
		81A1E9111866DE4F00ACCE4A /* AudioToolbox.framework */ = {isa = PBXFileReference; lastKnownFileType = wrapper.framework; name = AudioToolbox.framework; path = System/Library/Frameworks/AudioToolbox.framework; sourceTree = SDKROOT; };
		81A5B9FC186796C100C36B4E /* QuartzCore.framework */ = {isa = PBXFileReference; lastKnownFileType = wrapper.framework; name = QuartzCore.framework; path = System/Library/Frameworks/QuartzCore.framework; sourceTree = SDKROOT; };
		81A91E581891F94000E9AC66 /* DemoCrumbAppConstants.h */ = {isa = PBXFileReference; fileEncoding = 4; lastKnownFileType = sourcecode.c.h; path = DemoCrumbAppConstants.h; sourceTree = SOURCE_ROOT; };
		81B9CF1D1860FD7D00F9646C /* DemoIOSAppUsingCrumb.app */ = {isa = PBXFileReference; explicitFileType = wrapper.application; includeInIndex = 0; path = DemoIOSAppUsingCrumb.app; sourceTree = BUILT_PRODUCTS_DIR; };
		81B9CF201860FD7D00F9646C /* Foundation.framework */ = {isa = PBXFileReference; lastKnownFileType = wrapper.framework; name = Foundation.framework; path = System/Library/Frameworks/Foundation.framework; sourceTree = SDKROOT; };
		81B9CF221860FD7D00F9646C /* CoreGraphics.framework */ = {isa = PBXFileReference; lastKnownFileType = wrapper.framework; name = CoreGraphics.framework; path = System/Library/Frameworks/CoreGraphics.framework; sourceTree = SDKROOT; };
		81B9CF241860FD7D00F9646C /* UIKit.framework */ = {isa = PBXFileReference; lastKnownFileType = wrapper.framework; name = UIKit.framework; path = System/Library/Frameworks/UIKit.framework; sourceTree = SDKROOT; };
		81B9CF411860FD7D00F9646C /* DemoIOSAppUsingCrumbTests.xctest */ = {isa = PBXFileReference; explicitFileType = wrapper.cfbundle; includeInIndex = 0; path = DemoIOSAppUsingCrumbTests.xctest; sourceTree = BUILT_PRODUCTS_DIR; };
		81B9CF421860FD7D00F9646C /* XCTest.framework */ = {isa = PBXFileReference; lastKnownFileType = wrapper.framework; name = XCTest.framework; path = Library/Frameworks/XCTest.framework; sourceTree = DEVELOPER_DIR; };
		81B9CF4A1860FD7D00F9646C /* DemoIOSAppUsingCrumbTests-Info.plist */ = {isa = PBXFileReference; lastKnownFileType = text.plist.xml; path = "DemoIOSAppUsingCrumbTests-Info.plist"; sourceTree = "<group>"; };
		81B9CF4C1860FD7D00F9646C /* en */ = {isa = PBXFileReference; lastKnownFileType = text.plist.strings; name = en; path = en.lproj/InfoPlist.strings; sourceTree = "<group>"; };
		81B9CF4E1860FD7D00F9646C /* DemoIOSAppUsingCrumbTests.m */ = {isa = PBXFileReference; lastKnownFileType = sourcecode.c.objc; path = DemoIOSAppUsingCrumbTests.m; sourceTree = "<group>"; };
		81B9CF581860FDE300F9646C /* CoreLocation.framework */ = {isa = PBXFileReference; lastKnownFileType = wrapper.framework; name = CoreLocation.framework; path = System/Library/Frameworks/CoreLocation.framework; sourceTree = SDKROOT; };
		81D773881892095800B7219D /* DemoCrumbAppLogger.h */ = {isa = PBXFileReference; fileEncoding = 4; lastKnownFileType = sourcecode.c.h; path = DemoCrumbAppLogger.h; sourceTree = SOURCE_ROOT; };
		81D773891892095800B7219D /* DemoCrumbAppLogger.m */ = {isa = PBXFileReference; fileEncoding = 4; lastKnownFileType = sourcecode.c.objc; path = DemoCrumbAppLogger.m; sourceTree = SOURCE_ROOT; };
/* End PBXFileReference section */

/* Begin PBXFrameworksBuildPhase section */
		81B9CF1A1860FD7D00F9646C /* Frameworks */ = {
			isa = PBXFrameworksBuildPhase;
			buildActionMask = 2147483647;
			files = (
				817F727C1881DD0B0005BEDD /* MapKit.framework in Frameworks */,
				81A5B9FD186796C100C36B4E /* QuartzCore.framework in Frameworks */,
				81A1E9121866DE4F00ACCE4A /* AudioToolbox.framework in Frameworks */,
				81B9CF591860FDE300F9646C /* CoreLocation.framework in Frameworks */,
				81B9CF231860FD7D00F9646C /* CoreGraphics.framework in Frameworks */,
				81B9CF251860FD7D00F9646C /* UIKit.framework in Frameworks */,
				81B9CF211860FD7D00F9646C /* Foundation.framework in Frameworks */,
				7F2A2FC03CD14542A57444C1 /* libPods.a in Frameworks */,
			);
			runOnlyForDeploymentPostprocessing = 0;
		};
		81B9CF3E1860FD7D00F9646C /* Frameworks */ = {
			isa = PBXFrameworksBuildPhase;
			buildActionMask = 2147483647;
			files = (
				81B9CF431860FD7D00F9646C /* XCTest.framework in Frameworks */,
				81B9CF451860FD7D00F9646C /* UIKit.framework in Frameworks */,
				81B9CF441860FD7D00F9646C /* Foundation.framework in Frameworks */,
			);
			runOnlyForDeploymentPostprocessing = 0;
		};
/* End PBXFrameworksBuildPhase section */

/* Begin PBXGroup section */
		810F7C7B18640C930058769E /* Models */ = {
			isa = PBXGroup;
			children = (
				817F7286188204990005BEDD /* DemoCrumbAppYelpRecommendation.m */,
				817F7287188204990005BEDD /* DemoCrumbAppYelpRecommendation.h */,
				817F7288188204990005BEDD /* DemoCrumbAppRandomYelpRecommender.m */,
				817F7289188204990005BEDD /* DemoCrumbAppRandomYelpRecommender.h */,
			);
			name = Models;
			sourceTree = "<group>";
		};
		810F7C7D18640CD00058769E /* Views */ = {
			isa = PBXGroup;
			children = (
				81001BFA1882058600521FCE /* Main_iPhone.storyboard */,
				817F72831882047E0005BEDD /* DemoCrumbAppMainViewControllerMainView.m */,
				817F72841882047E0005BEDD /* DemoCrumbAppMainViewControllerMainView.h */,
			);
			name = Views;
			sourceTree = "<group>";
		};
		810F7C7E18640CDF0058769E /* Controllers */ = {
			isa = PBXGroup;
			children = (
				817F727D188204530005BEDD /* DemoCrumbAppMainViewController.m */,
				817F727E188204530005BEDD /* DemoCrumbAppMainViewController.h */,
				817F727F188204530005BEDD /* DemoCrumbAppLaunchViewController.m */,
				817F7280188204530005BEDD /* DemoCrumbAppLaunchViewController.h */,
			);
			name = Controllers;
			sourceTree = "<group>";
		};
		81B8DDA6186190B30093CC04 /* Images */ = {
			isa = PBXGroup;
			children = (
				817F72A21882050D0005BEDD /* image_not_available.png */,
				817F72A31882050D0005BEDD /* image_not_available_small.png */,
				817F72A41882050D0005BEDD /* icon.png */,
				817F72A51882050D0005BEDD /* icon-launch.png */,
				817F72A61882050D0005BEDD /* icon-60.png */,
				817F72A71882050D0005BEDD /* icon-40.png */,
				817F72A81882050D0005BEDD /* icon-29.png */,
				817F72A91882050D0005BEDD /* fork.png */,
				817F72AA1882050D0005BEDD /* chopstick-under.png */,
				817F72AB1882050D0005BEDD /* chopstick-over.png */,
				817F72AC1882050D0005BEDD /* cancel-button.png */,
				817F7294188204FE0005BEDD /* three-dish.png */,
				817F7295188204FE0005BEDD /* table-launch-568.png */,
				817F7296188204FE0005BEDD /* table-launch-480.png */,
				817F7297188204FE0005BEDD /* table-568.png */,
				817F7298188204FE0005BEDD /* table-480.png */,
				817F7299188204FE0005BEDD /* plate-long.png */,
				817F729A188204FE0005BEDD /* napkin.png */,
			);
			name = Images;
			sourceTree = "<group>";
		};
		81B9CF141860FD7C00F9646C = {
			isa = PBXGroup;
			children = (
				81B9CF261860FD7D00F9646C /* DemoIOSAppUsingCrumb */,
				81B9CF481860FD7D00F9646C /* DemoIOSAppUsingCrumbTests */,
				81B9CF1F1860FD7D00F9646C /* Frameworks */,
				81B9CF1E1860FD7D00F9646C /* Products */,
				2157BFFC39B24F88819A45DA /* Pods.xcconfig */,
			);
			sourceTree = "<group>";
		};
		81B9CF1E1860FD7D00F9646C /* Products */ = {
			isa = PBXGroup;
			children = (
				81B9CF1D1860FD7D00F9646C /* DemoIOSAppUsingCrumb.app */,
				81B9CF411860FD7D00F9646C /* DemoIOSAppUsingCrumbTests.xctest */,
			);
			name = Products;
			sourceTree = "<group>";
		};
		81B9CF1F1860FD7D00F9646C /* Frameworks */ = {
			isa = PBXGroup;
			children = (
				817F727B1881DD0B0005BEDD /* MapKit.framework */,
				81A5B9FC186796C100C36B4E /* QuartzCore.framework */,
				81A1E9111866DE4F00ACCE4A /* AudioToolbox.framework */,
				81B9CF581860FDE300F9646C /* CoreLocation.framework */,
				81B9CF201860FD7D00F9646C /* Foundation.framework */,
				81B9CF221860FD7D00F9646C /* CoreGraphics.framework */,
				81B9CF241860FD7D00F9646C /* UIKit.framework */,
				81B9CF421860FD7D00F9646C /* XCTest.framework */,
				555CA1F52402431A82186443 /* libPods.a */,
			);
			name = Frameworks;
			sourceTree = "<group>";
		};
		81B9CF261860FD7D00F9646C /* DemoIOSAppUsingCrumb */ = {
			isa = PBXGroup;
			children = (
				81A91E581891F94000E9AC66 /* DemoCrumbAppConstants.h */,
				81D773881892095800B7219D /* DemoCrumbAppLogger.h */,
				81D773891892095800B7219D /* DemoCrumbAppLogger.m */,
				810F7C7E18640CDF0058769E /* Controllers */,
				810F7C7D18640CD00058769E /* Views */,
				810F7C7B18640C930058769E /* Models */,
				817F728C188204A90005BEDD /* Images.xcassets */,
				81B9CF271860FD7D00F9646C /* Supporting Files */,
			);
			name = DemoIOSAppUsingCrumb;
			path = SampleIOSAppUsingPlanB;
			sourceTree = "<group>";
		};
		81B9CF271860FD7D00F9646C /* Supporting Files */ = {
			isa = PBXGroup;
			children = (
				81001BF71882056A00521FCE /* InfoPlist.strings */,
				817F72B8188205260005BEDD /* main.m */,
				817F7291188204CE0005BEDD /* DemoCrumbAppAppDelegate.m */,
				817F7292188204CE0005BEDD /* DemoCrumbAppAppDelegate.h */,
				817F728E188204BF0005BEDD /* DemoIOSAppUsingCrumb-Prefix.pch */,
				817F728F188204BF0005BEDD /* DemoIOSAppUsingCrumb-Info.plist */,
				81B8DDA6186190B30093CC04 /* Images */,
			);
			name = "Supporting Files";
			sourceTree = "<group>";
		};
		81B9CF481860FD7D00F9646C /* DemoIOSAppUsingCrumbTests */ = {
			isa = PBXGroup;
			children = (
				81B9CF4E1860FD7D00F9646C /* DemoIOSAppUsingCrumbTests.m */,
				81B9CF491860FD7D00F9646C /* Supporting Files */,
			);
			name = DemoIOSAppUsingCrumbTests;
			path = SampleIOSAppUsingPlanBTests;
			sourceTree = "<group>";
		};
		81B9CF491860FD7D00F9646C /* Supporting Files */ = {
			isa = PBXGroup;
			children = (
				81B9CF4A1860FD7D00F9646C /* DemoIOSAppUsingCrumbTests-Info.plist */,
				81B9CF4B1860FD7D00F9646C /* InfoPlist.strings */,
			);
			name = "Supporting Files";
			sourceTree = "<group>";
		};
/* End PBXGroup section */

/* Begin PBXNativeTarget section */
		81B9CF1C1860FD7D00F9646C /* DemoIOSAppUsingCrumb */ = {
			isa = PBXNativeTarget;
			buildConfigurationList = 81B9CF521860FD7D00F9646C /* Build configuration list for PBXNativeTarget "DemoIOSAppUsingCrumb" */;
			buildPhases = (
				73FEB79160794382A03E2733 /* Check Pods Manifest.lock */,
				81B9CF191860FD7D00F9646C /* Sources */,
				81B9CF1A1860FD7D00F9646C /* Frameworks */,
				81B9CF1B1860FD7D00F9646C /* Resources */,
				96BA506DCC3C4FBCA1F4BC4B /* Copy Pods Resources */,
			);
			buildRules = (
			);
			dependencies = (
			);
			name = DemoIOSAppUsingCrumb;
			productName = SampleIOSAppUsingPlanB;
			productReference = 81B9CF1D1860FD7D00F9646C /* DemoIOSAppUsingCrumb.app */;
			productType = "com.apple.product-type.application";
		};
		81B9CF401860FD7D00F9646C /* DemoIOSAppUsingCrumbTests */ = {
			isa = PBXNativeTarget;
			buildConfigurationList = 81B9CF551860FD7D00F9646C /* Build configuration list for PBXNativeTarget "DemoIOSAppUsingCrumbTests" */;
			buildPhases = (
				81B9CF3D1860FD7D00F9646C /* Sources */,
				81B9CF3E1860FD7D00F9646C /* Frameworks */,
				81B9CF3F1860FD7D00F9646C /* Resources */,
			);
			buildRules = (
			);
			dependencies = (
				81B9CF471860FD7D00F9646C /* PBXTargetDependency */,
			);
			name = DemoIOSAppUsingCrumbTests;
			productName = SampleIOSAppUsingPlanBTests;
			productReference = 81B9CF411860FD7D00F9646C /* DemoIOSAppUsingCrumbTests.xctest */;
			productType = "com.apple.product-type.bundle.unit-test";
		};
/* End PBXNativeTarget section */

/* Begin PBXProject section */
		81B9CF151860FD7C00F9646C /* Project object */ = {
			isa = PBXProject;
			attributes = {
				CLASSPREFIX = DemoCrumbApp;
				LastUpgradeCheck = 0500;
				ORGANIZATIONNAME = "Tracktor Beam";
				TargetAttributes = {
					81B9CF1C1860FD7D00F9646C = {
						SystemCapabilities = {
							com.apple.iOS = {
								enabled = 0;
							};
						};
					};
					81B9CF401860FD7D00F9646C = {
						TestTargetID = 81B9CF1C1860FD7D00F9646C;
					};
				};
			};
			buildConfigurationList = 81B9CF181860FD7C00F9646C /* Build configuration list for PBXProject "DemoIOSAppUsingCrumb" */;
			compatibilityVersion = "Xcode 3.2";
			developmentRegion = English;
			hasScannedForEncodings = 0;
			knownRegions = (
				en,
				Base,
			);
			mainGroup = 81B9CF141860FD7C00F9646C;
			productRefGroup = 81B9CF1E1860FD7D00F9646C /* Products */;
			projectDirPath = "";
			projectRoot = "";
			targets = (
				81B9CF1C1860FD7D00F9646C /* DemoIOSAppUsingCrumb */,
				81B9CF401860FD7D00F9646C /* DemoIOSAppUsingCrumbTests */,
			);
		};
/* End PBXProject section */

/* Begin PBXResourcesBuildPhase section */
		81B9CF1B1860FD7D00F9646C /* Resources */ = {
			isa = PBXResourcesBuildPhase;
			buildActionMask = 2147483647;
			files = (
				817F72AF1882050D0005BEDD /* icon.png in Resources */,
				817F729E188204FE0005BEDD /* table-568.png in Resources */,
				817F72A1188204FE0005BEDD /* napkin.png in Resources */,
				817F728D188204A90005BEDD /* Images.xcassets in Resources */,
				817F729F188204FE0005BEDD /* table-480.png in Resources */,
				817F729C188204FE0005BEDD /* table-launch-568.png in Resources */,
				817F72B71882050D0005BEDD /* cancel-button.png in Resources */,
				81001BF91882056A00521FCE /* InfoPlist.strings in Resources */,
				817F729B188204FE0005BEDD /* three-dish.png in Resources */,
				81001BFC1882058600521FCE /* Main_iPhone.storyboard in Resources */,
				817F72AD1882050D0005BEDD /* image_not_available.png in Resources */,
				817F72A0188204FE0005BEDD /* plate-long.png in Resources */,
				817F72B01882050D0005BEDD /* icon-launch.png in Resources */,
				817F72B61882050D0005BEDD /* chopstick-over.png in Resources */,
				817F72B11882050D0005BEDD /* icon-60.png in Resources */,
				817F72B31882050D0005BEDD /* icon-29.png in Resources */,
				817F72AE1882050D0005BEDD /* image_not_available_small.png in Resources */,
				817F72B51882050D0005BEDD /* chopstick-under.png in Resources */,
				817F72B41882050D0005BEDD /* fork.png in Resources */,
				817F729D188204FE0005BEDD /* table-launch-480.png in Resources */,
				817F72B21882050D0005BEDD /* icon-40.png in Resources */,
			);
			runOnlyForDeploymentPostprocessing = 0;
		};
		81B9CF3F1860FD7D00F9646C /* Resources */ = {
			isa = PBXResourcesBuildPhase;
			buildActionMask = 2147483647;
			files = (
				81B9CF4D1860FD7D00F9646C /* InfoPlist.strings in Resources */,
			);
			runOnlyForDeploymentPostprocessing = 0;
		};
/* End PBXResourcesBuildPhase section */

/* Begin PBXShellScriptBuildPhase section */
		73FEB79160794382A03E2733 /* Check Pods Manifest.lock */ = {
			isa = PBXShellScriptBuildPhase;
			buildActionMask = 2147483647;
			files = (
			);
			inputPaths = (
			);
			name = "Check Pods Manifest.lock";
			outputPaths = (
			);
			runOnlyForDeploymentPostprocessing = 0;
			shellPath = /bin/sh;
			shellScript = "diff \"${PODS_ROOT}/../Podfile.lock\" \"${PODS_ROOT}/Manifest.lock\" > /dev/null\nif [[ $? != 0 ]] ; then\n    cat << EOM\nerror: The sandbox is not in sync with the Podfile.lock. Run 'pod install' or update your CocoaPods installation.\nEOM\n    exit 1\nfi\n";
			showEnvVarsInLog = 0;
		};
		96BA506DCC3C4FBCA1F4BC4B /* Copy Pods Resources */ = {
			isa = PBXShellScriptBuildPhase;
			buildActionMask = 2147483647;
			files = (
			);
			inputPaths = (
			);
			name = "Copy Pods Resources";
			outputPaths = (
			);
			runOnlyForDeploymentPostprocessing = 0;
			shellPath = /bin/sh;
			shellScript = "\"${SRCROOT}/Pods/Pods-resources.sh\"\n";
			showEnvVarsInLog = 0;
		};
/* End PBXShellScriptBuildPhase section */

/* Begin PBXSourcesBuildPhase section */
		81B9CF191860FD7D00F9646C /* Sources */ = {
			isa = PBXSourcesBuildPhase;
			buildActionMask = 2147483647;
			files = (
				817F7282188204530005BEDD /* DemoCrumbAppLaunchViewController.m in Sources */,
				817F728A188204990005BEDD /* DemoCrumbAppYelpRecommendation.m in Sources */,
				817F7281188204530005BEDD /* DemoCrumbAppMainViewController.m in Sources */,
				817F72851882047E0005BEDD /* DemoCrumbAppMainViewControllerMainView.m in Sources */,
				817F728B188204990005BEDD /* DemoCrumbAppRandomYelpRecommender.m in Sources */,
				817F72B9188205260005BEDD /* main.m in Sources */,
				81D7738A1892095800B7219D /* DemoCrumbAppLogger.m in Sources */,
				817F7293188204CE0005BEDD /* DemoCrumbAppAppDelegate.m in Sources */,
			);
			runOnlyForDeploymentPostprocessing = 0;
		};
		81B9CF3D1860FD7D00F9646C /* Sources */ = {
			isa = PBXSourcesBuildPhase;
			buildActionMask = 2147483647;
			files = (
				81B9CF4F1860FD7D00F9646C /* DemoIOSAppUsingCrumbTests.m in Sources */,
			);
			runOnlyForDeploymentPostprocessing = 0;
		};
/* End PBXSourcesBuildPhase section */

/* Begin PBXTargetDependency section */
		81B9CF471860FD7D00F9646C /* PBXTargetDependency */ = {
			isa = PBXTargetDependency;
			target = 81B9CF1C1860FD7D00F9646C /* DemoIOSAppUsingCrumb */;
			targetProxy = 81B9CF461860FD7D00F9646C /* PBXContainerItemProxy */;
		};
/* End PBXTargetDependency section */

/* Begin PBXVariantGroup section */
		81001BF71882056A00521FCE /* InfoPlist.strings */ = {
			isa = PBXVariantGroup;
			children = (
				81001BF81882056A00521FCE /* en */,
			);
			name = InfoPlist.strings;
			sourceTree = "<group>";
		};
		81001BFA1882058600521FCE /* Main_iPhone.storyboard */ = {
			isa = PBXVariantGroup;
			children = (
				81001BFB1882058600521FCE /* Base */,
			);
			name = Main_iPhone.storyboard;
			sourceTree = "<group>";
		};
		81B9CF4B1860FD7D00F9646C /* InfoPlist.strings */ = {
			isa = PBXVariantGroup;
			children = (
				81B9CF4C1860FD7D00F9646C /* en */,
			);
			name = InfoPlist.strings;
			sourceTree = "<group>";
		};
/* End PBXVariantGroup section */

/* Begin XCBuildConfiguration section */
		81B9CF501860FD7D00F9646C /* Debug */ = {
			isa = XCBuildConfiguration;
			buildSettings = {
				ALWAYS_SEARCH_USER_PATHS = NO;
				ARCHS = "$(ARCHS_STANDARD_INCLUDING_64_BIT)";
				CLANG_CXX_LANGUAGE_STANDARD = "gnu++0x";
				CLANG_CXX_LIBRARY = "libc++";
				CLANG_ENABLE_MODULES = YES;
				CLANG_ENABLE_OBJC_ARC = YES;
				CLANG_WARN_BOOL_CONVERSION = YES;
				CLANG_WARN_CONSTANT_CONVERSION = YES;
				CLANG_WARN_DIRECT_OBJC_ISA_USAGE = YES_ERROR;
				CLANG_WARN_EMPTY_BODY = YES;
				CLANG_WARN_ENUM_CONVERSION = YES;
				CLANG_WARN_INT_CONVERSION = YES;
				CLANG_WARN_OBJC_ROOT_CLASS = YES_ERROR;
				CLANG_WARN__DUPLICATE_METHOD_MATCH = YES;
				"CODE_SIGN_IDENTITY[sdk=iphoneos*]" = "iPhone Developer";
				COPY_PHASE_STRIP = NO;
				GCC_C_LANGUAGE_STANDARD = gnu99;
				GCC_DYNAMIC_NO_PIC = NO;
				GCC_OPTIMIZATION_LEVEL = 0;
				GCC_PREPROCESSOR_DEFINITIONS = (
					"DEBUG=1",
					"$(inherited)",
				);
				GCC_SYMBOLS_PRIVATE_EXTERN = NO;
				GCC_WARN_64_TO_32_BIT_CONVERSION = YES;
				GCC_WARN_ABOUT_RETURN_TYPE = YES_ERROR;
				GCC_WARN_UNDECLARED_SELECTOR = YES;
				GCC_WARN_UNINITIALIZED_AUTOS = YES;
				GCC_WARN_UNUSED_FUNCTION = YES;
				GCC_WARN_UNUSED_VARIABLE = YES;
				IPHONEOS_DEPLOYMENT_TARGET = 7.0;
				ONLY_ACTIVE_ARCH = YES;
				SDKROOT = iphoneos;
				TARGETED_DEVICE_FAMILY = "1,2";
			};
			name = Debug;
		};
		81B9CF511860FD7D00F9646C /* Release */ = {
			isa = XCBuildConfiguration;
			buildSettings = {
				ALWAYS_SEARCH_USER_PATHS = NO;
				ARCHS = "$(ARCHS_STANDARD_INCLUDING_64_BIT)";
				CLANG_CXX_LANGUAGE_STANDARD = "gnu++0x";
				CLANG_CXX_LIBRARY = "libc++";
				CLANG_ENABLE_MODULES = YES;
				CLANG_ENABLE_OBJC_ARC = YES;
				CLANG_WARN_BOOL_CONVERSION = YES;
				CLANG_WARN_CONSTANT_CONVERSION = YES;
				CLANG_WARN_DIRECT_OBJC_ISA_USAGE = YES_ERROR;
				CLANG_WARN_EMPTY_BODY = YES;
				CLANG_WARN_ENUM_CONVERSION = YES;
				CLANG_WARN_INT_CONVERSION = YES;
				CLANG_WARN_OBJC_ROOT_CLASS = YES_ERROR;
				CLANG_WARN__DUPLICATE_METHOD_MATCH = YES;
				"CODE_SIGN_IDENTITY[sdk=iphoneos*]" = "iPhone Developer";
				COPY_PHASE_STRIP = YES;
				ENABLE_NS_ASSERTIONS = NO;
				GCC_C_LANGUAGE_STANDARD = gnu99;
				GCC_WARN_64_TO_32_BIT_CONVERSION = YES;
				GCC_WARN_ABOUT_RETURN_TYPE = YES_ERROR;
				GCC_WARN_UNDECLARED_SELECTOR = YES;
				GCC_WARN_UNINITIALIZED_AUTOS = YES;
				GCC_WARN_UNUSED_FUNCTION = YES;
				GCC_WARN_UNUSED_VARIABLE = YES;
				IPHONEOS_DEPLOYMENT_TARGET = 7.0;
				SDKROOT = iphoneos;
				TARGETED_DEVICE_FAMILY = "1,2";
				VALIDATE_PRODUCT = YES;
			};
			name = Release;
		};
		81B9CF531860FD7D00F9646C /* Debug */ = {
			isa = XCBuildConfiguration;
			baseConfigurationReference = 2157BFFC39B24F88819A45DA /* Pods.xcconfig */;
			buildSettings = {
				ASSETCATALOG_COMPILER_APPICON_NAME = AppIcon;
				ASSETCATALOG_COMPILER_LAUNCHIMAGE_NAME = LaunchImage;
				CODE_SIGN_IDENTITY = "iPhone Developer";
				"CODE_SIGN_IDENTITY[sdk=iphoneos*]" = "iPhone Developer";
				FRAMEWORK_SEARCH_PATHS = (
					"$(inherited)",
					"$(SRCROOT)",
				);
				GCC_PRECOMPILE_PREFIX_HEADER = YES;
				GCC_PREFIX_HEADER = "DemoIOSAppUsingCrumb/DemoIOSAppUsingCrumb-Prefix.pch";
				HEADER_SEARCH_PATHS = (
					"$(inherited)",
					/Applications/Xcode.app/Contents/Developer/Toolchains/XcodeDefault.xctoolchain/usr/include,
				);
				INFOPLIST_FILE = "DemoIOSAppUsingCrumb/DemoIOSAppUsingCrumb-Info.plist";
				IPHONEOS_DEPLOYMENT_TARGET = 7.0;
				OTHER_LDFLAGS = "$(inherited)";
				PRODUCT_NAME = DemoIOSAppUsingCrumb;
				PROVISIONING_PROFILE = "";
				TARGETED_DEVICE_FAMILY = 1;
				WRAPPER_EXTENSION = app;
			};
			name = Debug;
		};
		81B9CF541860FD7D00F9646C /* Release */ = {
			isa = XCBuildConfiguration;
			baseConfigurationReference = 2157BFFC39B24F88819A45DA /* Pods.xcconfig */;
			buildSettings = {
				ASSETCATALOG_COMPILER_APPICON_NAME = AppIcon;
				ASSETCATALOG_COMPILER_LAUNCHIMAGE_NAME = LaunchImage;
				CODE_SIGN_IDENTITY = "iPhone Developer";
				"CODE_SIGN_IDENTITY[sdk=iphoneos*]" = "iPhone Developer";
				FRAMEWORK_SEARCH_PATHS = (
					"$(inherited)",
					"$(SRCROOT)",
				);
				GCC_PRECOMPILE_PREFIX_HEADER = YES;
				GCC_PREFIX_HEADER = "DemoIOSAppUsingCrumb/DemoIOSAppUsingCrumb-Prefix.pch";
				HEADER_SEARCH_PATHS = (
					"$(inherited)",
					/Applications/Xcode.app/Contents/Developer/Toolchains/XcodeDefault.xctoolchain/usr/include,
				);
				INFOPLIST_FILE = "DemoIOSAppUsingCrumb/DemoIOSAppUsingCrumb-Info.plist";
				IPHONEOS_DEPLOYMENT_TARGET = 7.0;
				OTHER_LDFLAGS = "$(inherited)";
				PRODUCT_NAME = DemoIOSAppUsingCrumb;
				PROVISIONING_PROFILE = "";
				TARGETED_DEVICE_FAMILY = 1;
				WRAPPER_EXTENSION = app;
			};
			name = Release;
		};
		81B9CF561860FD7D00F9646C /* Debug */ = {
			isa = XCBuildConfiguration;
			buildSettings = {
				ARCHS = "$(ARCHS_STANDARD_INCLUDING_64_BIT)";
				BUNDLE_LOADER = "$(BUILT_PRODUCTS_DIR)/SampleIOSAppUsingPlanB.app/SampleIOSAppUsingPlanB";
				FRAMEWORK_SEARCH_PATHS = (
					"$(SDKROOT)/Developer/Library/Frameworks",
					"$(inherited)",
					"$(DEVELOPER_FRAMEWORKS_DIR)",
					"$(USER_LIBRARY_DIR)/Developer/Xcode/DerivedData/OAuthConsumer-etvyanwczrppnabrlrhxaapibbfr/Build/Products/Debug-iphoneos",
					/Users/arpanghosh/Developer/iOS/SampleIOSAppUsingPlanB,
				);
				GCC_PRECOMPILE_PREFIX_HEADER = YES;
				GCC_PREFIX_HEADER = "SampleIOSAppUsingPlanB/SampleIOSAppUsingPlanB-Prefix.pch";
				GCC_PREPROCESSOR_DEFINITIONS = (
					"DEBUG=1",
					"$(inherited)",
				);
				INFOPLIST_FILE = "SampleIOSAppUsingPlanBTests/DemoIOSAppUsingCrumbTests-Info.plist";
				PRODUCT_NAME = DemoIOSAppUsingCrumbTests;
				TEST_HOST = "$(BUNDLE_LOADER)";
				WRAPPER_EXTENSION = xctest;
			};
			name = Debug;
		};
		81B9CF571860FD7D00F9646C /* Release */ = {
			isa = XCBuildConfiguration;
			buildSettings = {
				ARCHS = "$(ARCHS_STANDARD_INCLUDING_64_BIT)";
				BUNDLE_LOADER = "$(BUILT_PRODUCTS_DIR)/SampleIOSAppUsingPlanB.app/SampleIOSAppUsingPlanB";
				FRAMEWORK_SEARCH_PATHS = (
					"$(SDKROOT)/Developer/Library/Frameworks",
					"$(inherited)",
					"$(DEVELOPER_FRAMEWORKS_DIR)",
					"$(USER_LIBRARY_DIR)/Developer/Xcode/DerivedData/OAuthConsumer-etvyanwczrppnabrlrhxaapibbfr/Build/Products/Debug-iphoneos",
					/Users/arpanghosh/Developer/iOS/SampleIOSAppUsingPlanB,
				);
				GCC_PRECOMPILE_PREFIX_HEADER = YES;
				GCC_PREFIX_HEADER = "SampleIOSAppUsingPlanB/SampleIOSAppUsingPlanB-Prefix.pch";
				INFOPLIST_FILE = "SampleIOSAppUsingPlanBTests/DemoIOSAppUsingCrumbTests-Info.plist";
				PRODUCT_NAME = DemoIOSAppUsingCrumbTests;
				TEST_HOST = "$(BUNDLE_LOADER)";
				WRAPPER_EXTENSION = xctest;
			};
			name = Release;
		};
/* End XCBuildConfiguration section */

/* Begin XCConfigurationList section */
		81B9CF181860FD7C00F9646C /* Build configuration list for PBXProject "DemoIOSAppUsingCrumb" */ = {
			isa = XCConfigurationList;
			buildConfigurations = (
				81B9CF501860FD7D00F9646C /* Debug */,
				81B9CF511860FD7D00F9646C /* Release */,
			);
			defaultConfigurationIsVisible = 0;
			defaultConfigurationName = Release;
		};
		81B9CF521860FD7D00F9646C /* Build configuration list for PBXNativeTarget "DemoIOSAppUsingCrumb" */ = {
			isa = XCConfigurationList;
			buildConfigurations = (
				81B9CF531860FD7D00F9646C /* Debug */,
				81B9CF541860FD7D00F9646C /* Release */,
			);
			defaultConfigurationIsVisible = 0;
			defaultConfigurationName = Release;
		};
		81B9CF551860FD7D00F9646C /* Build configuration list for PBXNativeTarget "DemoIOSAppUsingCrumbTests" */ = {
			isa = XCConfigurationList;
			buildConfigurations = (
				81B9CF561860FD7D00F9646C /* Debug */,
				81B9CF571860FD7D00F9646C /* Release */,
			);
			defaultConfigurationIsVisible = 0;
			defaultConfigurationName = Release;
		};
/* End XCConfigurationList section */
	};
	rootObject = 81B9CF151860FD7C00F9646C /* Project object */;
}
